
Microsoft Visual Studio Solution File, Format Version 12.00
# Visual Studio Version 17
VisualStudioVersion = 17.3.32929.385
MinimumVisualStudioVersion = 10.0.40219.1
Project("{FAE04EC0-301F-11D3-BF4B-00C04F79EFBC}") = "SampleDBFirst", "SampleDBFirst\SampleDBFirst.csproj", "{AF5A037A-E846-44AE-BD75-F41D214DACD7}"
EndProject
Global
	GlobalSection(SolutionConfigurationPlatforms) = preSolution
		Debug|Any CPU = Debug|Any CPU
		Release|Any CPU = Release|Any CPU
	EndGlobalSection
	GlobalSection(ProjectConfigurationPlatforms) = postSolution
		{AF5A037A-E846-44AE-BD75-F41D214DACD7}.Debug|Any CPU.ActiveCfg = Debug|Any CPU
		{AF5A037A-E846-44AE-BD75-F41D214DACD7}.Debug|Any CPU.Build.0 = Debug|Any CPU
		{AF5A037A-E846-44AE-BD75-F41D214DACD7}.Release|Any CPU.ActiveCfg = Release|Any CPU
		{AF5A037A-E846-44AE-BD75-F41D214DACD7}.Release|Any CPU.Build.0 = Release|Any CPU
	EndGlobalSection
	GlobalSection(SolutionProperties) = preSolution
		HideSolutionNode = FALSE
	EndGlobalSection
	GlobalSection(ExtensibilityGlobals) = postSolution
		SolutionGuid = {5E28E9FC-0FA0-4392-9F63-8070A648BEFA}
	EndGlobalSection
EndGlobal
